
Microsoft Visual Studio Solution File, Format Version 12.00
# Visual Studio Version 16
VisualStudioVersion = 16.0.30011.22
MinimumVisualStudioVersion = 10.0.40219.1
Project("{FAE04EC0-301F-11D3-BF4B-00C04F79EFBC}") = "StaticWebEpiserverPlugin.RequiredCssOnly.Test", "StaticWebEpiserverPlugin.RequiredCssOnly.Test.csproj", "{AFC7A6CF-6190-41F9-8D3A-3010A30C422D}"
EndProject
Project("{FAE04EC0-301F-11D3-BF4B-00C04F79EFBC}") = "StaticWebEpiserverPlugin.RequiredCssOnly", "..\..\StaticWebEpiserverPlugin.RequiredCssOnly\StaticWebEpiserverPlugin.RequiredCssOnly.csproj", "{22ABF8E1-A733-4C1F-B76B-DC12158E5CF1}"
EndProject
Global
	GlobalSection(SolutionConfigurationPlatforms) = preSolution
		Debug|Any CPU = Debug|Any CPU
		Release|Any CPU = Release|Any CPU
	EndGlobalSection
	GlobalSection(ProjectConfigurationPlatforms) = postSolution
		{AFC7A6CF-6190-41F9-8D3A-3010A30C422D}.Debug|Any CPU.ActiveCfg = Debug|Any CPU
		{AFC7A6CF-6190-41F9-8D3A-3010A30C422D}.Debug|Any CPU.Build.0 = Debug|Any CPU
		{AFC7A6CF-6190-41F9-8D3A-3010A30C422D}.Release|Any CPU.ActiveCfg = Release|Any CPU
		{AFC7A6CF-6190-41F9-8D3A-3010A30C422D}.Release|Any CPU.Build.0 = Release|Any CPU
		{22ABF8E1-A733-4C1F-B76B-DC12158E5CF1}.Debug|Any CPU.ActiveCfg = Debug|Any CPU
		{22ABF8E1-A733-4C1F-B76B-DC12158E5CF1}.Debug|Any CPU.Build.0 = Debug|Any CPU
		{22ABF8E1-A733-4C1F-B76B-DC12158E5CF1}.Release|Any CPU.ActiveCfg = Release|Any CPU
		{22ABF8E1-A733-4C1F-B76B-DC12158E5CF1}.Release|Any CPU.Build.0 = Release|Any CPU
	EndGlobalSection
	GlobalSection(SolutionProperties) = preSolution
		HideSolutionNode = FALSE
	EndGlobalSection
	GlobalSection(ExtensibilityGlobals) = postSolution
		SolutionGuid = {B80EEB3B-76ED-4235-9FC4-5FCDEABB8B89}
	EndGlobalSection
EndGlobal
